
Microsoft Visual Studio Solution File, Format Version 12.00
# Visual Studio Version 16
VisualStudioVersion = 16.0.31515.178
MinimumVisualStudioVersion = 10.0.40219.1
Project("{FAE04EC0-301F-11D3-BF4B-00C04F79EFBC}") = "Arreglos", "Arreglos\Arreglos.csproj", "{520B1969-051D-4282-9CDC-F773B462E989}"
EndProject
Global
	GlobalSection(SolutionConfigurationPlatforms) = preSolution
		Debug|Any CPU = Debug|Any CPU
		Release|Any CPU = Release|Any CPU
	EndGlobalSection
	GlobalSection(ProjectConfigurationPlatforms) = postSolution
		{520B1969-051D-4282-9CDC-F773B462E989}.Debug|Any CPU.ActiveCfg = Debug|Any CPU
		{520B1969-051D-4282-9CDC-F773B462E989}.Debug|Any CPU.Build.0 = Debug|Any CPU
		{520B1969-051D-4282-9CDC-F773B462E989}.Release|Any CPU.ActiveCfg = Release|Any CPU
		{520B1969-051D-4282-9CDC-F773B462E989}.Release|Any CPU.Build.0 = Release|Any CPU
	EndGlobalSection
	GlobalSection(SolutionProperties) = preSolution
		HideSolutionNode = FALSE
	EndGlobalSection
	GlobalSection(ExtensibilityGlobals) = postSolution
		SolutionGuid = {3E65F318-C3BE-4BDF-9643-D1C4E06B2A53}
	EndGlobalSection
EndGlobal
